// !$*UTF8*$!
{
	archiveVersion = 1;
	classes = {
	};
	objectVersion = 48;
	objects = {

/* Begin PBXBuildFile section */
		4C09634A1FDE3E980038A79F /* A-Space Regular Demo.otf in Resources */ = {isa = PBXBuildFile; fileRef = 4C0963491FDE3E970038A79F /* A-Space Regular Demo.otf */; };
		4C09634E1FDE47040038A79F /* background.m4a in Resources */ = {isa = PBXBuildFile; fileRef = 4C09634D1FDE47040038A79F /* background.m4a */; };
		4C0963521FDE4A850038A79F /* beep.mp3 in Resources */ = {isa = PBXBuildFile; fileRef = 4C0963511FDE4A840038A79F /* beep.mp3 */; };
		4C4829CF1FDA55370027046C /* RankingViewController.swift in Sources */ = {isa = PBXBuildFile; fileRef = 4C4829CE1FDA55370027046C /* RankingViewController.swift */; };
		4CB64A1D1FD6338A005A9853 /* AppDelegate.swift in Sources */ = {isa = PBXBuildFile; fileRef = 4CB64A1C1FD6338A005A9853 /* AppDelegate.swift */; };
		4CB64A1F1FD6338A005A9853 /* MainViewController.swift in Sources */ = {isa = PBXBuildFile; fileRef = 4CB64A1E1FD6338A005A9853 /* MainViewController.swift */; };
		4CB64A221FD6338A005A9853 /* Main.storyboard in Resources */ = {isa = PBXBuildFile; fileRef = 4CB64A201FD6338A005A9853 /* Main.storyboard */; };
		4CB64A241FD6338A005A9853 /* Assets.xcassets in Resources */ = {isa = PBXBuildFile; fileRef = 4CB64A231FD6338A005A9853 /* Assets.xcassets */; };
		4CB64A271FD6338A005A9853 /* LaunchScreen.storyboard in Resources */ = {isa = PBXBuildFile; fileRef = 4CB64A251FD6338A005A9853 /* LaunchScreen.storyboard */; };
		4CFCD1DB1FD903E400DFC789 /* explosion.mp3 in Resources */ = {isa = PBXBuildFile; fileRef = 4CFCD1DA1FD903E400DFC789 /* explosion.mp3 */; };
		4CFD8E541FDB8588006F0E16 /* UserDefaultManager.swift in Sources */ = {isa = PBXBuildFile; fileRef = 4CFD8E531FDB8588006F0E16 /* UserDefaultManager.swift */; };
		9B7258F31FDECAB1001D7244 /* shoot.png in Resources */ = {isa = PBXBuildFile; fileRef = 9B7258F21FDECAB1001D7244 /* shoot.png */; };
		9B7258F61FDECB2E001D7244 /* direction-left.png in Resources */ = {isa = PBXBuildFile; fileRef = 9B7258F41FDECB2E001D7244 /* direction-left.png */; };
		9B7258F71FDECB2E001D7244 /* direction-right.png in Resources */ = {isa = PBXBuildFile; fileRef = 9B7258F51FDECB2E001D7244 /* direction-right.png */; };
		9B7258FB1FDEF0F2001D7244 /* launch.png in Resources */ = {isa = PBXBuildFile; fileRef = 9B7258FA1FDEF0F2001D7244 /* launch.png */; };
		9B7258FD1FE0661B001D7244 /* User.swift in Sources */ = {isa = PBXBuildFile; fileRef = 9B7258FC1FE0661B001D7244 /* User.swift */; };
		9B8B4F7D1FD7030A00B2FB1D /* alien.png in Resources */ = {isa = PBXBuildFile; fileRef = 9B8B4F791FD7030900B2FB1D /* alien.png */; };
		9B8B4F7E1FD7030A00B2FB1D /* satellite.png in Resources */ = {isa = PBXBuildFile; fileRef = 9B8B4F7A1FD7030900B2FB1D /* satellite.png */; };
		9B8B4F801FD7030A00B2FB1D /* rocket.png in Resources */ = {isa = PBXBuildFile; fileRef = 9B8B4F7C1FD7030900B2FB1D /* rocket.png */; };
		9B8B4F821FD713A700B2FB1D /* explosion.png in Resources */ = {isa = PBXBuildFile; fileRef = 9B8B4F811FD713A700B2FB1D /* explosion.png */; };
		9B8B4F841FD71C8700B2FB1D /* comet.png in Resources */ = {isa = PBXBuildFile; fileRef = 9B8B4F831FD71C8700B2FB1D /* comet.png */; };
		9BDA71F21FD9C3A90032A202 /* bg.png in Resources */ = {isa = PBXBuildFile; fileRef = 9BDA71F11FD9C3A90032A202 /* bg.png */; };
		9BE784031FE416C300CA7BC3 /* speak-on.png in Resources */ = {isa = PBXBuildFile; fileRef = 9BE784011FE416C200CA7BC3 /* speak-on.png */; };
		9BE784041FE416C300CA7BC3 /* speak-off.png in Resources */ = {isa = PBXBuildFile; fileRef = 9BE784021FE416C200CA7BC3 /* speak-off.png */; };
/* End PBXBuildFile section */

/* Begin PBXFileReference section */
		4C0963491FDE3E970038A79F /* A-Space Regular Demo.otf */ = {isa = PBXFileReference; lastKnownFileType = file; path = "A-Space Regular Demo.otf"; sourceTree = "<group>"; };
		4C09634D1FDE47040038A79F /* background.m4a */ = {isa = PBXFileReference; lastKnownFileType = file; path = background.m4a; sourceTree = "<group>"; };
		4C0963511FDE4A840038A79F /* beep.mp3 */ = {isa = PBXFileReference; lastKnownFileType = audio.mp3; path = beep.mp3; sourceTree = "<group>"; };
		4C4829CE1FDA55370027046C /* RankingViewController.swift */ = {isa = PBXFileReference; lastKnownFileType = sourcecode.swift; path = RankingViewController.swift; sourceTree = "<group>"; };
		4CB64A191FD6338A005A9853 /* space-attack.app */ = {isa = PBXFileReference; explicitFileType = wrapper.application; includeInIndex = 0; path = "space-attack.app"; sourceTree = BUILT_PRODUCTS_DIR; };
		4CB64A1C1FD6338A005A9853 /* AppDelegate.swift */ = {isa = PBXFileReference; lastKnownFileType = sourcecode.swift; path = AppDelegate.swift; sourceTree = "<group>"; };
		4CB64A1E1FD6338A005A9853 /* MainViewController.swift */ = {isa = PBXFileReference; lastKnownFileType = sourcecode.swift; path = MainViewController.swift; sourceTree = "<group>"; };
		4CB64A211FD6338A005A9853 /* Base */ = {isa = PBXFileReference; lastKnownFileType = file.storyboard; name = Base; path = Base.lproj/Main.storyboard; sourceTree = "<group>"; };
		4CB64A231FD6338A005A9853 /* Assets.xcassets */ = {isa = PBXFileReference; lastKnownFileType = folder.assetcatalog; path = Assets.xcassets; sourceTree = "<group>"; };
		4CB64A261FD6338A005A9853 /* Base */ = {isa = PBXFileReference; lastKnownFileType = file.storyboard; name = Base; path = Base.lproj/LaunchScreen.storyboard; sourceTree = "<group>"; };
		4CB64A281FD6338A005A9853 /* Info.plist */ = {isa = PBXFileReference; lastKnownFileType = text.plist.xml; path = Info.plist; sourceTree = "<group>"; };
		4CFCD1DA1FD903E400DFC789 /* explosion.mp3 */ = {isa = PBXFileReference; lastKnownFileType = audio.mp3; path = explosion.mp3; sourceTree = "<group>"; };
		4CFD8E531FDB8588006F0E16 /* UserDefaultManager.swift */ = {isa = PBXFileReference; lastKnownFileType = sourcecode.swift; path = UserDefaultManager.swift; sourceTree = "<group>"; };
		9B7258F21FDECAB1001D7244 /* shoot.png */ = {isa = PBXFileReference; lastKnownFileType = image.png; path = shoot.png; sourceTree = "<group>"; };
		9B7258F41FDECB2E001D7244 /* direction-left.png */ = {isa = PBXFileReference; lastKnownFileType = image.png; path = "direction-left.png"; sourceTree = "<group>"; };
		9B7258F51FDECB2E001D7244 /* direction-right.png */ = {isa = PBXFileReference; lastKnownFileType = image.png; path = "direction-right.png"; sourceTree = "<group>"; };
		9B7258FA1FDEF0F2001D7244 /* launch.png */ = {isa = PBXFileReference; lastKnownFileType = image.png; path = launch.png; sourceTree = "<group>"; };
		9B7258FC1FE0661B001D7244 /* User.swift */ = {isa = PBXFileReference; lastKnownFileType = sourcecode.swift; path = User.swift; sourceTree = "<group>"; };
		9B8B4F791FD7030900B2FB1D /* alien.png */ = {isa = PBXFileReference; lastKnownFileType = image.png; path = alien.png; sourceTree = "<group>"; };
		9B8B4F7A1FD7030900B2FB1D /* satellite.png */ = {isa = PBXFileReference; lastKnownFileType = image.png; path = satellite.png; sourceTree = "<group>"; };
		9B8B4F7C1FD7030900B2FB1D /* rocket.png */ = {isa = PBXFileReference; lastKnownFileType = image.png; path = rocket.png; sourceTree = "<group>"; };
		9B8B4F811FD713A700B2FB1D /* explosion.png */ = {isa = PBXFileReference; lastKnownFileType = image.png; path = explosion.png; sourceTree = "<group>"; };
		9B8B4F831FD71C8700B2FB1D /* comet.png */ = {isa = PBXFileReference; lastKnownFileType = image.png; path = comet.png; sourceTree = "<group>"; };
		9BDA71F11FD9C3A90032A202 /* bg.png */ = {isa = PBXFileReference; lastKnownFileType = image.png; path = bg.png; sourceTree = "<group>"; };
		9BE784011FE416C200CA7BC3 /* speak-on.png */ = {isa = PBXFileReference; lastKnownFileType = image.png; path = "speak-on.png"; sourceTree = "<group>"; };
		9BE784021FE416C200CA7BC3 /* speak-off.png */ = {isa = PBXFileReference; lastKnownFileType = image.png; path = "speak-off.png"; sourceTree = "<group>"; };
/* End PBXFileReference section */

/* Begin PBXFrameworksBuildPhase section */
		4CB64A161FD6338A005A9853 /* Frameworks */ = {
			isa = PBXFrameworksBuildPhase;
			buildActionMask = 2147483647;
			files = (
			);
			runOnlyForDeploymentPostprocessing = 0;
		};
/* End PBXFrameworksBuildPhase section */

/* Begin PBXGroup section */
		4CB64A101FD6338A005A9853 = {
			isa = PBXGroup;
			children = (
				4CB64A1B1FD6338A005A9853 /* space-attack */,
				4CB64A1A1FD6338A005A9853 /* Products */,
			);
			sourceTree = "<group>";
		};
		4CB64A1A1FD6338A005A9853 /* Products */ = {
			isa = PBXGroup;
			children = (
				4CB64A191FD6338A005A9853 /* space-attack.app */,
			);
			name = Products;
			sourceTree = "<group>";
		};
		4CB64A1B1FD6338A005A9853 /* space-attack */ = {
			isa = PBXGroup;
			children = (
				4CFD8E521FDB8557006F0E16 /* util */,
				9BDA71F41FD9CAF10032A202 /* font */,
				4CFCD1D71FD9016400DFC789 /* audio */,
				4CB64A2F1FD6399C005A9853 /* images */,
				4CB64A2E1FD63685005A9853 /* viewcontrollers */,
				4CB64A1C1FD6338A005A9853 /* AppDelegate.swift */,
				4CB64A201FD6338A005A9853 /* Main.storyboard */,
				4CB64A231FD6338A005A9853 /* Assets.xcassets */,
				4CB64A251FD6338A005A9853 /* LaunchScreen.storyboard */,
				4CB64A281FD6338A005A9853 /* Info.plist */,
				9B7258FC1FE0661B001D7244 /* User.swift */,
			);
			path = "space-attack";
			sourceTree = "<group>";
		};
		4CB64A2E1FD63685005A9853 /* viewcontrollers */ = {
			isa = PBXGroup;
			children = (
				4CB64A1E1FD6338A005A9853 /* MainViewController.swift */,
				4C4829CE1FDA55370027046C /* RankingViewController.swift */,
			);
			path = viewcontrollers;
			sourceTree = "<group>";
		};
		4CB64A2F1FD6399C005A9853 /* images */ = {
			isa = PBXGroup;
			children = (
				9BE784021FE416C200CA7BC3 /* speak-off.png */,
				9BE784011FE416C200CA7BC3 /* speak-on.png */,
				9B7258FA1FDEF0F2001D7244 /* launch.png */,
				9B7258F41FDECB2E001D7244 /* direction-left.png */,
				9B7258F51FDECB2E001D7244 /* direction-right.png */,
				9B7258F21FDECAB1001D7244 /* shoot.png */,
				9BDA71F11FD9C3A90032A202 /* bg.png */,
				9B8B4F831FD71C8700B2FB1D /* comet.png */,
				9B8B4F811FD713A700B2FB1D /* explosion.png */,
				9B8B4F791FD7030900B2FB1D /* alien.png */,
				9B8B4F7C1FD7030900B2FB1D /* rocket.png */,
				9B8B4F7A1FD7030900B2FB1D /* satellite.png */,
			);
			path = images;
			sourceTree = "<group>";
		};
		4CFCD1D71FD9016400DFC789 /* audio */ = {
			isa = PBXGroup;
			children = (
				4C0963511FDE4A840038A79F /* beep.mp3 */,
				4C09634D1FDE47040038A79F /* background.m4a */,
				4CFCD1DA1FD903E400DFC789 /* explosion.mp3 */,
			);
			path = audio;
			sourceTree = "<group>";
		};
		4CFD8E521FDB8557006F0E16 /* util */ = {
			isa = PBXGroup;
			children = (
				4CFD8E531FDB8588006F0E16 /* UserDefaultManager.swift */,
			);
			path = util;
			sourceTree = "<group>";
		};
		9BDA71F41FD9CAF10032A202 /* font */ = {
			isa = PBXGroup;
			children = (
				4C0963491FDE3E970038A79F /* A-Space Regular Demo.otf */,
			);
			path = font;
			sourceTree = "<group>";
		};
/* End PBXGroup section */

/* Begin PBXNativeTarget section */
		4CB64A181FD6338A005A9853 /* space-attack */ = {
			isa = PBXNativeTarget;
			buildConfigurationList = 4CB64A2B1FD6338A005A9853 /* Build configuration list for PBXNativeTarget "space-attack" */;
			buildPhases = (
				4CB64A151FD6338A005A9853 /* Sources */,
				4CB64A161FD6338A005A9853 /* Frameworks */,
				4CB64A171FD6338A005A9853 /* Resources */,
			);
			buildRules = (
			);
			dependencies = (
			);
			name = "space-attack";
			productName = "space-attack";
			productReference = 4CB64A191FD6338A005A9853 /* space-attack.app */;
			productType = "com.apple.product-type.application";
		};
/* End PBXNativeTarget section */

/* Begin PBXProject section */
		4CB64A111FD6338A005A9853 /* Project object */ = {
			isa = PBXProject;
			attributes = {
				LastSwiftUpdateCheck = 0910;
				LastUpgradeCheck = 0910;
				ORGANIZATIONNAME = "Fabio Estrela";
				TargetAttributes = {
					4CB64A181FD6338A005A9853 = {
						CreatedOnToolsVersion = 9.1;
						ProvisioningStyle = Automatic;
					};
				};
			};
			buildConfigurationList = 4CB64A141FD6338A005A9853 /* Build configuration list for PBXProject "space-attack" */;
			compatibilityVersion = "Xcode 8.0";
			developmentRegion = en;
			hasScannedForEncodings = 0;
			knownRegions = (
				en,
				Base,
			);
			mainGroup = 4CB64A101FD6338A005A9853;
			productRefGroup = 4CB64A1A1FD6338A005A9853 /* Products */;
			projectDirPath = "";
			projectRoot = "";
			targets = (
				4CB64A181FD6338A005A9853 /* space-attack */,
			);
		};
/* End PBXProject section */

/* Begin PBXResourcesBuildPhase section */
		4CB64A171FD6338A005A9853 /* Resources */ = {
			isa = PBXResourcesBuildPhase;
			buildActionMask = 2147483647;
			files = (
				9BE784041FE416C300CA7BC3 /* speak-off.png in Resources */,
				9B7258F61FDECB2E001D7244 /* direction-left.png in Resources */,
				9BE784031FE416C300CA7BC3 /* speak-on.png in Resources */,
				9BDA71F21FD9C3A90032A202 /* bg.png in Resources */,
				9B7258F71FDECB2E001D7244 /* direction-right.png in Resources */,
				9B8B4F841FD71C8700B2FB1D /* comet.png in Resources */,
				9B7258FB1FDEF0F2001D7244 /* launch.png in Resources */,
				9B8B4F821FD713A700B2FB1D /* explosion.png in Resources */,
				4C09634A1FDE3E980038A79F /* A-Space Regular Demo.otf in Resources */,
				4C09634E1FDE47040038A79F /* background.m4a in Resources */,
				9B8B4F801FD7030A00B2FB1D /* rocket.png in Resources */,
				4CB64A271FD6338A005A9853 /* LaunchScreen.storyboard in Resources */,
				4C0963521FDE4A850038A79F /* beep.mp3 in Resources */,
				9B8B4F7E1FD7030A00B2FB1D /* satellite.png in Resources */,
				4CFCD1DB1FD903E400DFC789 /* explosion.mp3 in Resources */,
				9B8B4F7D1FD7030A00B2FB1D /* alien.png in Resources */,
				9B7258F31FDECAB1001D7244 /* shoot.png in Resources */,
				4CB64A241FD6338A005A9853 /* Assets.xcassets in Resources */,
				4CB64A221FD6338A005A9853 /* Main.storyboard in Resources */,
			);
			runOnlyForDeploymentPostprocessing = 0;
		};
/* End PBXResourcesBuildPhase section */

/* Begin PBXSourcesBuildPhase section */
		4CB64A151FD6338A005A9853 /* Sources */ = {
			isa = PBXSourcesBuildPhase;
			buildActionMask = 2147483647;
			files = (
				4CB64A1F1FD6338A005A9853 /* MainViewController.swift in Sources */,
				4CB64A1D1FD6338A005A9853 /* AppDelegate.swift in Sources */,
				4CFD8E541FDB8588006F0E16 /* UserDefaultManager.swift in Sources */,
				9B7258FD1FE0661B001D7244 /* User.swift in Sources */,
				4C4829CF1FDA55370027046C /* RankingViewController.swift in Sources */,
			);
			runOnlyForDeploymentPostprocessing = 0;
		};
/* End PBXSourcesBuildPhase section */

/* Begin PBXVariantGroup section */
		4CB64A201FD6338A005A9853 /* Main.storyboard */ = {
			isa = PBXVariantGroup;
			children = (
				4CB64A211FD6338A005A9853 /* Base */,
			);
			name = Main.storyboard;
			sourceTree = "<group>";
		};
		4CB64A251FD6338A005A9853 /* LaunchScreen.storyboard */ = {
			isa = PBXVariantGroup;
			children = (
				4CB64A261FD6338A005A9853 /* Base */,
			);
			name = LaunchScreen.storyboard;
			sourceTree = "<group>";
		};
/* End PBXVariantGroup section */

/* Begin XCBuildConfiguration section */
		4CB64A291FD6338A005A9853 /* Debug */ = {
			isa = XCBuildConfiguration;
			buildSettings = {
				ALWAYS_SEARCH_USER_PATHS = NO;
				CLANG_ANALYZER_NONNULL = YES;
				CLANG_ANALYZER_NUMBER_OBJECT_CONVERSION = YES_AGGRESSIVE;
				CLANG_CXX_LANGUAGE_STANDARD = "gnu++14";
				CLANG_CXX_LIBRARY = "libc++";
				CLANG_ENABLE_MODULES = YES;
				CLANG_ENABLE_OBJC_ARC = YES;
				CLANG_WARN_BLOCK_CAPTURE_AUTORELEASING = YES;
				CLANG_WARN_BOOL_CONVERSION = YES;
				CLANG_WARN_COMMA = YES;
				CLANG_WARN_CONSTANT_CONVERSION = YES;
				CLANG_WARN_DIRECT_OBJC_ISA_USAGE = YES_ERROR;
				CLANG_WARN_DOCUMENTATION_COMMENTS = YES;
				CLANG_WARN_EMPTY_BODY = YES;
				CLANG_WARN_ENUM_CONVERSION = YES;
				CLANG_WARN_INFINITE_RECURSION = YES;
				CLANG_WARN_INT_CONVERSION = YES;
				CLANG_WARN_NON_LITERAL_NULL_CONVERSION = YES;
				CLANG_WARN_OBJC_LITERAL_CONVERSION = YES;
				CLANG_WARN_OBJC_ROOT_CLASS = YES_ERROR;
				CLANG_WARN_RANGE_LOOP_ANALYSIS = YES;
				CLANG_WARN_STRICT_PROTOTYPES = YES;
				CLANG_WARN_SUSPICIOUS_MOVE = YES;
				CLANG_WARN_UNGUARDED_AVAILABILITY = YES_AGGRESSIVE;
				CLANG_WARN_UNREACHABLE_CODE = YES;
				CLANG_WARN__DUPLICATE_METHOD_MATCH = YES;
				CODE_SIGN_IDENTITY = "iPhone Developer";
				COPY_PHASE_STRIP = NO;
				DEBUG_INFORMATION_FORMAT = dwarf;
				ENABLE_STRICT_OBJC_MSGSEND = YES;
				ENABLE_TESTABILITY = YES;
				GCC_C_LANGUAGE_STANDARD = gnu11;
				GCC_DYNAMIC_NO_PIC = NO;
				GCC_NO_COMMON_BLOCKS = YES;
				GCC_OPTIMIZATION_LEVEL = 0;
				GCC_PREPROCESSOR_DEFINITIONS = (
					"DEBUG=1",
					"$(inherited)",
				);
				GCC_WARN_64_TO_32_BIT_CONVERSION = YES;
				GCC_WARN_ABOUT_RETURN_TYPE = YES_ERROR;
				GCC_WARN_UNDECLARED_SELECTOR = YES;
				GCC_WARN_UNINITIALIZED_AUTOS = YES_AGGRESSIVE;
				GCC_WARN_UNUSED_FUNCTION = YES;
				GCC_WARN_UNUSED_VARIABLE = YES;
				IPHONEOS_DEPLOYMENT_TARGET = 11.1;
				MTL_ENABLE_DEBUG_INFO = YES;
				ONLY_ACTIVE_ARCH = YES;
				SDKROOT = iphoneos;
				SWIFT_ACTIVE_COMPILATION_CONDITIONS = DEBUG;
				SWIFT_OPTIMIZATION_LEVEL = "-Onone";
			};
			name = Debug;
		};
		4CB64A2A1FD6338A005A9853 /* Release */ = {
			isa = XCBuildConfiguration;
			buildSettings = {
				ALWAYS_SEARCH_USER_PATHS = NO;
				CLANG_ANALYZER_NONNULL = YES;
				CLANG_ANALYZER_NUMBER_OBJECT_CONVERSION = YES_AGGRESSIVE;
				CLANG_CXX_LANGUAGE_STANDARD = "gnu++14";
				CLANG_CXX_LIBRARY = "libc++";
				CLANG_ENABLE_MODULES = YES;
				CLANG_ENABLE_OBJC_ARC = YES;
				CLANG_WARN_BLOCK_CAPTURE_AUTORELEASING = YES;
				CLANG_WARN_BOOL_CONVERSION = YES;
				CLANG_WARN_COMMA = YES;
				CLANG_WARN_CONSTANT_CONVERSION = YES;
				CLANG_WARN_DIRECT_OBJC_ISA_USAGE = YES_ERROR;
				CLANG_WARN_DOCUMENTATION_COMMENTS = YES;
				CLANG_WARN_EMPTY_BODY = YES;
				CLANG_WARN_ENUM_CONVERSION = YES;
				CLANG_WARN_INFINITE_RECURSION = YES;
				CLANG_WARN_INT_CONVERSION = YES;
				CLANG_WARN_NON_LITERAL_NULL_CONVERSION = YES;
				CLANG_WARN_OBJC_LITERAL_CONVERSION = YES;
				CLANG_WARN_OBJC_ROOT_CLASS = YES_ERROR;
				CLANG_WARN_RANGE_LOOP_ANALYSIS = YES;
				CLANG_WARN_STRICT_PROTOTYPES = YES;
				CLANG_WARN_SUSPICIOUS_MOVE = YES;
				CLANG_WARN_UNGUARDED_AVAILABILITY = YES_AGGRESSIVE;
				CLANG_WARN_UNREACHABLE_CODE = YES;
				CLANG_WARN__DUPLICATE_METHOD_MATCH = YES;
				CODE_SIGN_IDENTITY = "iPhone Developer";
				COPY_PHASE_STRIP = NO;
				DEBUG_INFORMATION_FORMAT = "dwarf-with-dsym";
				ENABLE_NS_ASSERTIONS = NO;
				ENABLE_STRICT_OBJC_MSGSEND = YES;
				GCC_C_LANGUAGE_STANDARD = gnu11;
				GCC_NO_COMMON_BLOCKS = YES;
				GCC_WARN_64_TO_32_BIT_CONVERSION = YES;
				GCC_WARN_ABOUT_RETURN_TYPE = YES_ERROR;
				GCC_WARN_UNDECLARED_SELECTOR = YES;
				GCC_WARN_UNINITIALIZED_AUTOS = YES_AGGRESSIVE;
				GCC_WARN_UNUSED_FUNCTION = YES;
				GCC_WARN_UNUSED_VARIABLE = YES;
				IPHONEOS_DEPLOYMENT_TARGET = 11.1;
				MTL_ENABLE_DEBUG_INFO = NO;
				SDKROOT = iphoneos;
				SWIFT_OPTIMIZATION_LEVEL = "-Owholemodule";
				VALIDATE_PRODUCT = YES;
			};
			name = Release;
		};
		4CB64A2C1FD6338A005A9853 /* Debug */ = {
			isa = XCBuildConfiguration;
			buildSettings = {
				ASSETCATALOG_COMPILER_APPICON_NAME = AppIcon;
				CODE_SIGN_STYLE = Automatic;
				DEVELOPMENT_TEAM = 24CSTL9A45;
				INFOPLIST_FILE = "space-attack/Info.plist";
				LD_RUNPATH_SEARCH_PATHS = "$(inherited) @executable_path/Frameworks";
				PRODUCT_BUNDLE_IDENTIFIER = "com.fabiose.progalgo.space-attack";
				PRODUCT_NAME = "$(TARGET_NAME)";
				SWIFT_VERSION = 4.0;
				TARGETED_DEVICE_FAMILY = "1,2";
			};
			name = Debug;
		};
		4CB64A2D1FD6338A005A9853 /* Release */ = {
			isa = XCBuildConfiguration;
			buildSettings = {
				ASSETCATALOG_COMPILER_APPICON_NAME = AppIcon;
				CODE_SIGN_STYLE = Automatic;
				DEVELOPMENT_TEAM = 24CSTL9A45;
				INFOPLIST_FILE = "space-attack/Info.plist";
				LD_RUNPATH_SEARCH_PATHS = "$(inherited) @executable_path/Frameworks";
				PRODUCT_BUNDLE_IDENTIFIER = "com.fabiose.progalgo.space-attack";
				PRODUCT_NAME = "$(TARGET_NAME)";
				SWIFT_VERSION = 4.0;
				TARGETED_DEVICE_FAMILY = "1,2";
			};
			name = Release;
		};
/* End XCBuildConfiguration section */

/* Begin XCConfigurationList section */
		4CB64A141FD6338A005A9853 /* Build configuration list for PBXProject "space-attack" */ = {
			isa = XCConfigurationList;
			buildConfigurations = (
				4CB64A291FD6338A005A9853 /* Debug */,
				4CB64A2A1FD6338A005A9853 /* Release */,
			);
			defaultConfigurationIsVisible = 0;
			defaultConfigurationName = Release;
		};
		4CB64A2B1FD6338A005A9853 /* Build configuration list for PBXNativeTarget "space-attack" */ = {
			isa = XCConfigurationList;
			buildConfigurations = (
				4CB64A2C1FD6338A005A9853 /* Debug */,
				4CB64A2D1FD6338A005A9853 /* Release */,
			);
			defaultConfigurationIsVisible = 0;
			defaultConfigurationName = Release;
		};
/* End XCConfigurationList section */
	};
	rootObject = 4CB64A111FD6338A005A9853 /* Project object */;
}
